<Solution>
  <Folder Name="/src/">
    <Project Path="src/GaudiBallz.Rules.Tests/GaudiBallz.Rules.Tests.csproj" />
    <Project Path="src/GaudiBallz.Rules/GaudiBallz.Rules.csproj" />
    <Project Path="src/GaudiBallz.Server.Tests/GaudiBallz.Server.Tests.csproj" />
    <Project Path="src/GaudiBallz.Server/GaudiBallz.Server.csproj" />
  </Folder>
</Solution>
